
Microsoft Visual Studio Solution File, Format Version 12.00
# Visual Studio Version 16
VisualStudioVersion = 16.0.31005.135
MinimumVisualStudioVersion = 10.0.40219.1
Project("{9A19103F-16F7-4668-BE54-9A1E7A4F7556}") = "NetworkSkins", "NetworkSkins\NetworkSkins.csproj", "{D292985E-EF20-44F2-A8C8-A0FAE0D4EAE6}"
EndProject
Project("{9A19103F-16F7-4668-BE54-9A1E7A4F7556}") = "NetworkSkins.Tests", "NetworkSkins.Tests\NetworkSkins.Tests.csproj", "{A2C459E5-4E15-4A55-B67B-4E1ECDC3C734}"
EndProject
Project("{2150E333-8FDC-42A3-9474-1A3956D46DE8}") = "Solution Items", "Solution Items", "{5E7586CC-19A5-4F65-B0B5-8CA722413E78}"
	ProjectSection(SolutionItems) = preProject
		LICENSE = LICENSE
		README.md = README.md
	EndProjectSection
EndProject
Project("{9A19103F-16F7-4668-BE54-9A1E7A4F7556}") = "NS.Helpers", "NetworkSkins.Helpers\NS.Helpers.csproj", "{148C6B13-6FAA-4059-9F14-98805FEE1084}"
EndProject
Global
	GlobalSection(SolutionConfigurationPlatforms) = preSolution
		Debug|Any CPU = Debug|Any CPU
		Release|Any CPU = Release|Any CPU
	EndGlobalSection
	GlobalSection(ProjectConfigurationPlatforms) = postSolution
		{D292985E-EF20-44F2-A8C8-A0FAE0D4EAE6}.Debug|Any CPU.ActiveCfg = Debug|Any CPU
		{D292985E-EF20-44F2-A8C8-A0FAE0D4EAE6}.Debug|Any CPU.Build.0 = Debug|Any CPU
		{D292985E-EF20-44F2-A8C8-A0FAE0D4EAE6}.Release|Any CPU.ActiveCfg = Release|Any CPU
		{D292985E-EF20-44F2-A8C8-A0FAE0D4EAE6}.Release|Any CPU.Build.0 = Release|Any CPU
		{A2C459E5-4E15-4A55-B67B-4E1ECDC3C734}.Debug|Any CPU.ActiveCfg = Debug|Any CPU
		{A2C459E5-4E15-4A55-B67B-4E1ECDC3C734}.Debug|Any CPU.Build.0 = Debug|Any CPU
		{A2C459E5-4E15-4A55-B67B-4E1ECDC3C734}.Release|Any CPU.ActiveCfg = Release|Any CPU
		{A2C459E5-4E15-4A55-B67B-4E1ECDC3C734}.Release|Any CPU.Build.0 = Release|Any CPU
		{148C6B13-6FAA-4059-9F14-98805FEE1084}.Debug|Any CPU.ActiveCfg = Debug|Any CPU
		{148C6B13-6FAA-4059-9F14-98805FEE1084}.Debug|Any CPU.Build.0 = Debug|Any CPU
		{148C6B13-6FAA-4059-9F14-98805FEE1084}.Release|Any CPU.ActiveCfg = Release|Any CPU
		{148C6B13-6FAA-4059-9F14-98805FEE1084}.Release|Any CPU.Build.0 = Release|Any CPU
	EndGlobalSection
	GlobalSection(SolutionProperties) = preSolution
		HideSolutionNode = FALSE
	EndGlobalSection
	GlobalSection(ExtensibilityGlobals) = postSolution
		SolutionGuid = {8053A4C6-7244-476C-92EC-60011D0FD357}
	EndGlobalSection
EndGlobal
